// !$*UTF8*$!
{
	archiveVersion = 1;
	classes = {
	};
	objectVersion = 50;
	objects = {

/* Begin PBXBuildFile section */
		4CEF1DB82475C2E9002209E6 /* AppDelegate.swift in Sources */ = {isa = PBXBuildFile; fileRef = 4CEF1DB72475C2E9002209E6 /* AppDelegate.swift */; };
		4CEF1DBA2475C2E9002209E6 /* SceneDelegate.swift in Sources */ = {isa = PBXBuildFile; fileRef = 4CEF1DB92475C2E9002209E6 /* SceneDelegate.swift */; };
		4CEF1DBC2475C2E9002209E6 /* ContentView.swift in Sources */ = {isa = PBXBuildFile; fileRef = 4CEF1DBB2475C2E9002209E6 /* ContentView.swift */; };
		4CEF1DBE2475C2EA002209E6 /* Assets.xcassets in Resources */ = {isa = PBXBuildFile; fileRef = 4CEF1DBD2475C2EA002209E6 /* Assets.xcassets */; };
		4CEF1DC12475C2EA002209E6 /* Preview Assets.xcassets in Resources */ = {isa = PBXBuildFile; fileRef = 4CEF1DC02475C2EA002209E6 /* Preview Assets.xcassets */; };
		4CEF1DC42475C2EA002209E6 /* LaunchScreen.storyboard in Resources */ = {isa = PBXBuildFile; fileRef = 4CEF1DC22475C2EA002209E6 /* LaunchScreen.storyboard */; };
		4CEF1DCD2475C58F002209E6 /* NetworkManager.swift in Sources */ = {isa = PBXBuildFile; fileRef = 4CEF1DCC2475C58F002209E6 /* NetworkManager.swift */; };
		4CEF1DCF2475C72F002209E6 /* PostData.swift in Sources */ = {isa = PBXBuildFile; fileRef = 4CEF1DCE2475C72F002209E6 /* PostData.swift */; };
		4CEF1DD22475CC04002209E6 /* DetailView.swift in Sources */ = {isa = PBXBuildFile; fileRef = 4CEF1DD12475CC04002209E6 /* DetailView.swift */; };
		4CEF1DD42475D09A002209E6 /* WebView.swift in Sources */ = {isa = PBXBuildFile; fileRef = 4CEF1DD32475D09A002209E6 /* WebView.swift */; };
/* End PBXBuildFile section */

/* Begin PBXFileReference section */
		4CEF1DB42475C2E9002209E6 /* H4XOR Newz.app */ = {isa = PBXFileReference; explicitFileType = wrapper.application; includeInIndex = 0; path = "H4XOR Newz.app"; sourceTree = BUILT_PRODUCTS_DIR; };
		4CEF1DB72475C2E9002209E6 /* AppDelegate.swift */ = {isa = PBXFileReference; lastKnownFileType = sourcecode.swift; path = AppDelegate.swift; sourceTree = "<group>"; };
		4CEF1DB92475C2E9002209E6 /* SceneDelegate.swift */ = {isa = PBXFileReference; lastKnownFileType = sourcecode.swift; path = SceneDelegate.swift; sourceTree = "<group>"; };
		4CEF1DBB2475C2E9002209E6 /* ContentView.swift */ = {isa = PBXFileReference; lastKnownFileType = sourcecode.swift; path = ContentView.swift; sourceTree = "<group>"; };
		4CEF1DBD2475C2EA002209E6 /* Assets.xcassets */ = {isa = PBXFileReference; lastKnownFileType = folder.assetcatalog; path = Assets.xcassets; sourceTree = "<group>"; };
		4CEF1DC02475C2EA002209E6 /* Preview Assets.xcassets */ = {isa = PBXFileReference; lastKnownFileType = folder.assetcatalog; path = "Preview Assets.xcassets"; sourceTree = "<group>"; };
		4CEF1DC32475C2EA002209E6 /* Base */ = {isa = PBXFileReference; lastKnownFileType = file.storyboard; name = Base; path = Base.lproj/LaunchScreen.storyboard; sourceTree = "<group>"; };
		4CEF1DC52475C2EA002209E6 /* Info.plist */ = {isa = PBXFileReference; lastKnownFileType = text.plist.xml; path = Info.plist; sourceTree = "<group>"; };
		4CEF1DCC2475C58F002209E6 /* NetworkManager.swift */ = {isa = PBXFileReference; lastKnownFileType = sourcecode.swift; path = NetworkManager.swift; sourceTree = "<group>"; };
		4CEF1DCE2475C72F002209E6 /* PostData.swift */ = {isa = PBXFileReference; lastKnownFileType = sourcecode.swift; path = PostData.swift; sourceTree = "<group>"; };
		4CEF1DD12475CC04002209E6 /* DetailView.swift */ = {isa = PBXFileReference; lastKnownFileType = sourcecode.swift; path = DetailView.swift; sourceTree = "<group>"; };
		4CEF1DD32475D09A002209E6 /* WebView.swift */ = {isa = PBXFileReference; lastKnownFileType = sourcecode.swift; path = WebView.swift; sourceTree = "<group>"; };
		4CEF1DD52475D728002209E6 /* H4XOR Newz.entitlements */ = {isa = PBXFileReference; lastKnownFileType = text.plist.entitlements; path = "H4XOR Newz.entitlements"; sourceTree = "<group>"; };
/* End PBXFileReference section */

/* Begin PBXFrameworksBuildPhase section */
		4CEF1DB12475C2E9002209E6 /* Frameworks */ = {
			isa = PBXFrameworksBuildPhase;
			buildActionMask = 2147483647;
			files = (
			);
			runOnlyForDeploymentPostprocessing = 0;
		};
/* End PBXFrameworksBuildPhase section */

/* Begin PBXGroup section */
		4CEF1DAB2475C2E9002209E6 = {
			isa = PBXGroup;
			children = (
				4CEF1DB62475C2E9002209E6 /* H4XOR Newz */,
				4CEF1DB52475C2E9002209E6 /* Products */,
			);
			sourceTree = "<group>";
		};
		4CEF1DB52475C2E9002209E6 /* Products */ = {
			isa = PBXGroup;
			children = (
				4CEF1DB42475C2E9002209E6 /* H4XOR Newz.app */,
			);
			name = Products;
			sourceTree = "<group>";
		};
		4CEF1DB62475C2E9002209E6 /* H4XOR Newz */ = {
			isa = PBXGroup;
			children = (
				4CEF1DD52475D728002209E6 /* H4XOR Newz.entitlements */,
				4CEF1DCB2475C55A002209E6 /* Models */,
				4CEF1DB72475C2E9002209E6 /* AppDelegate.swift */,
				4CEF1DB92475C2E9002209E6 /* SceneDelegate.swift */,
				4CEF1DD02475CBED002209E6 /* Views */,
				4CEF1DBD2475C2EA002209E6 /* Assets.xcassets */,
				4CEF1DC22475C2EA002209E6 /* LaunchScreen.storyboard */,
				4CEF1DC52475C2EA002209E6 /* Info.plist */,
				4CEF1DBF2475C2EA002209E6 /* Preview Content */,
			);
			path = "H4XOR Newz";
			sourceTree = "<group>";
		};
		4CEF1DBF2475C2EA002209E6 /* Preview Content */ = {
			isa = PBXGroup;
			children = (
				4CEF1DC02475C2EA002209E6 /* Preview Assets.xcassets */,
			);
			path = "Preview Content";
			sourceTree = "<group>";
		};
		4CEF1DCB2475C55A002209E6 /* Models */ = {
			isa = PBXGroup;
			children = (
				4CEF1DCC2475C58F002209E6 /* NetworkManager.swift */,
				4CEF1DCE2475C72F002209E6 /* PostData.swift */,
			);
			path = Models;
			sourceTree = "<group>";
		};
		4CEF1DD02475CBED002209E6 /* Views */ = {
			isa = PBXGroup;
			children = (
				4CEF1DBB2475C2E9002209E6 /* ContentView.swift */,
				4CEF1DD12475CC04002209E6 /* DetailView.swift */,
				4CEF1DD32475D09A002209E6 /* WebView.swift */,
			);
			path = Views;
			sourceTree = "<group>";
		};
/* End PBXGroup section */

/* Begin PBXNativeTarget section */
		4CEF1DB32475C2E9002209E6 /* H4XOR Newz */ = {
			isa = PBXNativeTarget;
			buildConfigurationList = 4CEF1DC82475C2EA002209E6 /* Build configuration list for PBXNativeTarget "H4XOR Newz" */;
			buildPhases = (
				4CEF1DB02475C2E9002209E6 /* Sources */,
				4CEF1DB12475C2E9002209E6 /* Frameworks */,
				4CEF1DB22475C2E9002209E6 /* Resources */,
			);
			buildRules = (
			);
			dependencies = (
			);
			name = "H4XOR Newz";
			productName = "H4XOR Newz";
			productReference = 4CEF1DB42475C2E9002209E6 /* H4XOR Newz.app */;
			productType = "com.apple.product-type.application";
		};
/* End PBXNativeTarget section */

/* Begin PBXProject section */
		4CEF1DAC2475C2E9002209E6 /* Project object */ = {
			isa = PBXProject;
			attributes = {
				LastSwiftUpdateCheck = 1140;
				LastUpgradeCheck = 1140;
				ORGANIZATIONNAME = Updatus;
				TargetAttributes = {
					4CEF1DB32475C2E9002209E6 = {
						CreatedOnToolsVersion = 11.4.1;
					};
				};
			};
			buildConfigurationList = 4CEF1DAF2475C2E9002209E6 /* Build configuration list for PBXProject "H4XOR Newz" */;
			compatibilityVersion = "Xcode 9.3";
			developmentRegion = en;
			hasScannedForEncodings = 0;
			knownRegions = (
				en,
				Base,
			);
			mainGroup = 4CEF1DAB2475C2E9002209E6;
			productRefGroup = 4CEF1DB52475C2E9002209E6 /* Products */;
			projectDirPath = "";
			projectRoot = "";
			targets = (
				4CEF1DB32475C2E9002209E6 /* H4XOR Newz */,
			);
		};
/* End PBXProject section */

/* Begin PBXResourcesBuildPhase section */
		4CEF1DB22475C2E9002209E6 /* Resources */ = {
			isa = PBXResourcesBuildPhase;
			buildActionMask = 2147483647;
			files = (
				4CEF1DC42475C2EA002209E6 /* LaunchScreen.storyboard in Resources */,
				4CEF1DC12475C2EA002209E6 /* Preview Assets.xcassets in Resources */,
				4CEF1DBE2475C2EA002209E6 /* Assets.xcassets in Resources */,
			);
			runOnlyForDeploymentPostprocessing = 0;
		};
/* End PBXResourcesBuildPhase section */

/* Begin PBXSourcesBuildPhase section */
		4CEF1DB02475C2E9002209E6 /* Sources */ = {
			isa = PBXSourcesBuildPhase;
			buildActionMask = 2147483647;
			files = (
				4CEF1DCF2475C72F002209E6 /* PostData.swift in Sources */,
				4CEF1DD22475CC04002209E6 /* DetailView.swift in Sources */,
				4CEF1DCD2475C58F002209E6 /* NetworkManager.swift in Sources */,
				4CEF1DB82475C2E9002209E6 /* AppDelegate.swift in Sources */,
				4CEF1DBA2475C2E9002209E6 /* SceneDelegate.swift in Sources */,
				4CEF1DBC2475C2E9002209E6 /* ContentView.swift in Sources */,
				4CEF1DD42475D09A002209E6 /* WebView.swift in Sources */,
			);
			runOnlyForDeploymentPostprocessing = 0;
		};
/* End PBXSourcesBuildPhase section */

/* Begin PBXVariantGroup section */
		4CEF1DC22475C2EA002209E6 /* LaunchScreen.storyboard */ = {
			isa = PBXVariantGroup;
			children = (
				4CEF1DC32475C2EA002209E6 /* Base */,
			);
			name = LaunchScreen.storyboard;
			sourceTree = "<group>";
		};
/* End PBXVariantGroup section */

/* Begin XCBuildConfiguration section */
		4CEF1DC62475C2EA002209E6 /* Debug */ = {
			isa = XCBuildConfiguration;
			buildSettings = {
				ALWAYS_SEARCH_USER_PATHS = NO;
				CLANG_ANALYZER_NONNULL = YES;
				CLANG_ANALYZER_NUMBER_OBJECT_CONVERSION = YES_AGGRESSIVE;
				CLANG_CXX_LANGUAGE_STANDARD = "gnu++14";
				CLANG_CXX_LIBRARY = "libc++";
				CLANG_ENABLE_MODULES = YES;
				CLANG_ENABLE_OBJC_ARC = YES;
				CLANG_ENABLE_OBJC_WEAK = YES;
				CLANG_WARN_BLOCK_CAPTURE_AUTORELEASING = YES;
				CLANG_WARN_BOOL_CONVERSION = YES;
				CLANG_WARN_COMMA = YES;
				CLANG_WARN_CONSTANT_CONVERSION = YES;
				CLANG_WARN_DEPRECATED_OBJC_IMPLEMENTATIONS = YES;
				CLANG_WARN_DIRECT_OBJC_ISA_USAGE = YES_ERROR;
				CLANG_WARN_DOCUMENTATION_COMMENTS = YES;
				CLANG_WARN_EMPTY_BODY = YES;
				CLANG_WARN_ENUM_CONVERSION = YES;
				CLANG_WARN_INFINITE_RECURSION = YES;
				CLANG_WARN_INT_CONVERSION = YES;
				CLANG_WARN_NON_LITERAL_NULL_CONVERSION = YES;
				CLANG_WARN_OBJC_IMPLICIT_RETAIN_SELF = YES;
				CLANG_WARN_OBJC_LITERAL_CONVERSION = YES;
				CLANG_WARN_OBJC_ROOT_CLASS = YES_ERROR;
				CLANG_WARN_RANGE_LOOP_ANALYSIS = YES;
				CLANG_WARN_STRICT_PROTOTYPES = YES;
				CLANG_WARN_SUSPICIOUS_MOVE = YES;
				CLANG_WARN_UNGUARDED_AVAILABILITY = YES_AGGRESSIVE;
				CLANG_WARN_UNREACHABLE_CODE = YES;
				CLANG_WARN__DUPLICATE_METHOD_MATCH = YES;
				COPY_PHASE_STRIP = NO;
				DEBUG_INFORMATION_FORMAT = dwarf;
				ENABLE_STRICT_OBJC_MSGSEND = YES;
				ENABLE_TESTABILITY = YES;
				GCC_C_LANGUAGE_STANDARD = gnu11;
				GCC_DYNAMIC_NO_PIC = NO;
				GCC_NO_COMMON_BLOCKS = YES;
				GCC_OPTIMIZATION_LEVEL = 0;
				GCC_PREPROCESSOR_DEFINITIONS = (
					"DEBUG=1",
					"$(inherited)",
				);
				GCC_WARN_64_TO_32_BIT_CONVERSION = YES;
				GCC_WARN_ABOUT_RETURN_TYPE = YES_ERROR;
				GCC_WARN_UNDECLARED_SELECTOR = YES;
				GCC_WARN_UNINITIALIZED_AUTOS = YES_AGGRESSIVE;
				GCC_WARN_UNUSED_FUNCTION = YES;
				GCC_WARN_UNUSED_VARIABLE = YES;
				IPHONEOS_DEPLOYMENT_TARGET = 13.4;
				MTL_ENABLE_DEBUG_INFO = INCLUDE_SOURCE;
				MTL_FAST_MATH = YES;
				ONLY_ACTIVE_ARCH = YES;
				SDKROOT = iphoneos;
				SWIFT_ACTIVE_COMPILATION_CONDITIONS = DEBUG;
				SWIFT_OPTIMIZATION_LEVEL = "-Onone";
			};
			name = Debug;
		};
		4CEF1DC72475C2EA002209E6 /* Release */ = {
			isa = XCBuildConfiguration;
			buildSettings = {
				ALWAYS_SEARCH_USER_PATHS = NO;
				CLANG_ANALYZER_NONNULL = YES;
				CLANG_ANALYZER_NUMBER_OBJECT_CONVERSION = YES_AGGRESSIVE;
				CLANG_CXX_LANGUAGE_STANDARD = "gnu++14";
				CLANG_CXX_LIBRARY = "libc++";
				CLANG_ENABLE_MODULES = YES;
				CLANG_ENABLE_OBJC_ARC = YES;
				CLANG_ENABLE_OBJC_WEAK = YES;
				CLANG_WARN_BLOCK_CAPTURE_AUTORELEASING = YES;
				CLANG_WARN_BOOL_CONVERSION = YES;
				CLANG_WARN_COMMA = YES;
				CLANG_WARN_CONSTANT_CONVERSION = YES;
				CLANG_WARN_DEPRECATED_OBJC_IMPLEMENTATIONS = YES;
				CLANG_WARN_DIRECT_OBJC_ISA_USAGE = YES_ERROR;
				CLANG_WARN_DOCUMENTATION_COMMENTS = YES;
				CLANG_WARN_EMPTY_BODY = YES;
				CLANG_WARN_ENUM_CONVERSION = YES;
				CLANG_WARN_INFINITE_RECURSION = YES;
				CLANG_WARN_INT_CONVERSION = YES;
				CLANG_WARN_NON_LITERAL_NULL_CONVERSION = YES;
				CLANG_WARN_OBJC_IMPLICIT_RETAIN_SELF = YES;
				CLANG_WARN_OBJC_LITERAL_CONVERSION = YES;
				CLANG_WARN_OBJC_ROOT_CLASS = YES_ERROR;
				CLANG_WARN_RANGE_LOOP_ANALYSIS = YES;
				CLANG_WARN_STRICT_PROTOTYPES = YES;
				CLANG_WARN_SUSPICIOUS_MOVE = YES;
				CLANG_WARN_UNGUARDED_AVAILABILITY = YES_AGGRESSIVE;
				CLANG_WARN_UNREACHABLE_CODE = YES;
				CLANG_WARN__DUPLICATE_METHOD_MATCH = YES;
				COPY_PHASE_STRIP = NO;
				DEBUG_INFORMATION_FORMAT = "dwarf-with-dsym";
				ENABLE_NS_ASSERTIONS = NO;
				ENABLE_STRICT_OBJC_MSGSEND = YES;
				GCC_C_LANGUAGE_STANDARD = gnu11;
				GCC_NO_COMMON_BLOCKS = YES;
				GCC_WARN_64_TO_32_BIT_CONVERSION = YES;
				GCC_WARN_ABOUT_RETURN_TYPE = YES_ERROR;
				GCC_WARN_UNDECLARED_SELECTOR = YES;
				GCC_WARN_UNINITIALIZED_AUTOS = YES_AGGRESSIVE;
				GCC_WARN_UNUSED_FUNCTION = YES;
				GCC_WARN_UNUSED_VARIABLE = YES;
				IPHONEOS_DEPLOYMENT_TARGET = 13.4;
				MTL_ENABLE_DEBUG_INFO = NO;
				MTL_FAST_MATH = YES;
				SDKROOT = iphoneos;
				SWIFT_COMPILATION_MODE = wholemodule;
				SWIFT_OPTIMIZATION_LEVEL = "-O";
				VALIDATE_PRODUCT = YES;
			};
			name = Release;
		};
		4CEF1DC92475C2EA002209E6 /* Debug */ = {
			isa = XCBuildConfiguration;
			buildSettings = {
				ASSETCATALOG_COMPILER_APPICON_NAME = AppIcon;
				CODE_SIGN_ENTITLEMENTS = "H4XOR Newz/H4XOR Newz.entitlements";
				CODE_SIGN_STYLE = Automatic;
				DEVELOPMENT_ASSET_PATHS = "\"H4XOR Newz/Preview Content\"";
				DEVELOPMENT_TEAM = FM8P755DRV;
				ENABLE_PREVIEWS = YES;
				INFOPLIST_FILE = "H4XOR Newz/Info.plist";
				LD_RUNPATH_SEARCH_PATHS = (
					"$(inherited)",
					"@executable_path/Frameworks",
				);
				PRODUCT_BUNDLE_IDENTIFIER = "updatus.ruchita.H4XOR-Newz";
				PRODUCT_NAME = "$(TARGET_NAME)";
				SUPPORTS_MACCATALYST = YES;
				SWIFT_VERSION = 5.0;
				TARGETED_DEVICE_FAMILY = "1,2";
			};
			name = Debug;
		};
		4CEF1DCA2475C2EA002209E6 /* Release */ = {
			isa = XCBuildConfiguration;
			buildSettings = {
				ASSETCATALOG_COMPILER_APPICON_NAME = AppIcon;
				CODE_SIGN_ENTITLEMENTS = "H4XOR Newz/H4XOR Newz.entitlements";
				CODE_SIGN_STYLE = Automatic;
				DEVELOPMENT_ASSET_PATHS = "\"H4XOR Newz/Preview Content\"";
				DEVELOPMENT_TEAM = FM8P755DRV;
				ENABLE_PREVIEWS = YES;
				INFOPLIST_FILE = "H4XOR Newz/Info.plist";
				LD_RUNPATH_SEARCH_PATHS = (
					"$(inherited)",
					"@executable_path/Frameworks",
				);
				PRODUCT_BUNDLE_IDENTIFIER = "updatus.ruchita.H4XOR-Newz";
				PRODUCT_NAME = "$(TARGET_NAME)";
				SUPPORTS_MACCATALYST = YES;
				SWIFT_VERSION = 5.0;
				TARGETED_DEVICE_FAMILY = "1,2";
			};
			name = Release;
		};
/* End XCBuildConfiguration section */

/* Begin XCConfigurationList section */
		4CEF1DAF2475C2E9002209E6 /* Build configuration list for PBXProject "H4XOR Newz" */ = {
			isa = XCConfigurationList;
			buildConfigurations = (
				4CEF1DC62475C2EA002209E6 /* Debug */,
				4CEF1DC72475C2EA002209E6 /* Release */,
			);
			defaultConfigurationIsVisible = 0;
			defaultConfigurationName = Release;
		};
		4CEF1DC82475C2EA002209E6 /* Build configuration list for PBXNativeTarget "H4XOR Newz" */ = {
			isa = XCConfigurationList;
			buildConfigurations = (
				4CEF1DC92475C2EA002209E6 /* Debug */,
				4CEF1DCA2475C2EA002209E6 /* Release */,
			);
			defaultConfigurationIsVisible = 0;
			defaultConfigurationName = Release;
		};
/* End XCConfigurationList section */
	};
	rootObject = 4CEF1DAC2475C2E9002209E6 /* Project object */;
}
