// !$*UTF8*$!
{
	archiveVersion = 1;
	classes = {
	};
	objectVersion = 50;
	objects = {

/* Begin PBXBuildFile section */
		4CCC3F712469EFF400661AAD /* AppDelegate.swift in Sources */ = {isa = PBXBuildFile; fileRef = 4CCC3F702469EFF400661AAD /* AppDelegate.swift */; };
		4CCC3F732469EFF400661AAD /* SceneDelegate.swift in Sources */ = {isa = PBXBuildFile; fileRef = 4CCC3F722469EFF400661AAD /* SceneDelegate.swift */; };
		4CCC3F762469EFF400661AAD /* I_am_Rich.xcdatamodeld in Sources */ = {isa = PBXBuildFile; fileRef = 4CCC3F742469EFF400661AAD /* I_am_Rich.xcdatamodeld */; };
		4CCC3F782469EFF400661AAD /* ContentView.swift in Sources */ = {isa = PBXBuildFile; fileRef = 4CCC3F772469EFF400661AAD /* ContentView.swift */; };
		4CCC3F7A2469EFF500661AAD /* Assets.xcassets in Resources */ = {isa = PBXBuildFile; fileRef = 4CCC3F792469EFF500661AAD /* Assets.xcassets */; };
		4CCC3F7D2469EFF500661AAD /* Preview Assets.xcassets in Resources */ = {isa = PBXBuildFile; fileRef = 4CCC3F7C2469EFF500661AAD /* Preview Assets.xcassets */; };
		4CCC3F802469EFF500661AAD /* LaunchScreen.storyboard in Resources */ = {isa = PBXBuildFile; fileRef = 4CCC3F7E2469EFF500661AAD /* LaunchScreen.storyboard */; };
		4CCC3F8B2469EFF500661AAD /* I_am_RichTests.swift in Sources */ = {isa = PBXBuildFile; fileRef = 4CCC3F8A2469EFF500661AAD /* I_am_RichTests.swift */; };
/* End PBXBuildFile section */

/* Begin PBXContainerItemProxy section */
		4CCC3F872469EFF500661AAD /* PBXContainerItemProxy */ = {
			isa = PBXContainerItemProxy;
			containerPortal = 4CCC3F652469EFF400661AAD /* Project object */;
			proxyType = 1;
			remoteGlobalIDString = 4CCC3F6C2469EFF400661AAD;
			remoteInfo = "I am Rich";
		};
/* End PBXContainerItemProxy section */

/* Begin PBXFileReference section */
		4CCC3F6D2469EFF400661AAD /* I am Rich.app */ = {isa = PBXFileReference; explicitFileType = wrapper.application; includeInIndex = 0; path = "I am Rich.app"; sourceTree = BUILT_PRODUCTS_DIR; };
		4CCC3F702469EFF400661AAD /* AppDelegate.swift */ = {isa = PBXFileReference; lastKnownFileType = sourcecode.swift; path = AppDelegate.swift; sourceTree = "<group>"; };
		4CCC3F722469EFF400661AAD /* SceneDelegate.swift */ = {isa = PBXFileReference; lastKnownFileType = sourcecode.swift; path = SceneDelegate.swift; sourceTree = "<group>"; };
		4CCC3F752469EFF400661AAD /* I_am_Rich.xcdatamodel */ = {isa = PBXFileReference; lastKnownFileType = wrapper.xcdatamodel; path = I_am_Rich.xcdatamodel; sourceTree = "<group>"; };
		4CCC3F772469EFF400661AAD /* ContentView.swift */ = {isa = PBXFileReference; lastKnownFileType = sourcecode.swift; path = ContentView.swift; sourceTree = "<group>"; };
		4CCC3F792469EFF500661AAD /* Assets.xcassets */ = {isa = PBXFileReference; lastKnownFileType = folder.assetcatalog; path = Assets.xcassets; sourceTree = "<group>"; };
		4CCC3F7C2469EFF500661AAD /* Preview Assets.xcassets */ = {isa = PBXFileReference; lastKnownFileType = folder.assetcatalog; path = "Preview Assets.xcassets"; sourceTree = "<group>"; };
		4CCC3F7F2469EFF500661AAD /* Base */ = {isa = PBXFileReference; lastKnownFileType = file.storyboard; name = Base; path = Base.lproj/LaunchScreen.storyboard; sourceTree = "<group>"; };
		4CCC3F812469EFF500661AAD /* Info.plist */ = {isa = PBXFileReference; lastKnownFileType = text.plist.xml; path = Info.plist; sourceTree = "<group>"; };
		4CCC3F862469EFF500661AAD /* I am RichTests.xctest */ = {isa = PBXFileReference; explicitFileType = wrapper.cfbundle; includeInIndex = 0; path = "I am RichTests.xctest"; sourceTree = BUILT_PRODUCTS_DIR; };
		4CCC3F8A2469EFF500661AAD /* I_am_RichTests.swift */ = {isa = PBXFileReference; lastKnownFileType = sourcecode.swift; path = I_am_RichTests.swift; sourceTree = "<group>"; };
		4CCC3F8C2469EFF500661AAD /* Info.plist */ = {isa = PBXFileReference; lastKnownFileType = text.plist.xml; path = Info.plist; sourceTree = "<group>"; };
/* End PBXFileReference section */

/* Begin PBXFrameworksBuildPhase section */
		4CCC3F6A2469EFF400661AAD /* Frameworks */ = {
			isa = PBXFrameworksBuildPhase;
			buildActionMask = 2147483647;
			files = (
			);
			runOnlyForDeploymentPostprocessing = 0;
		};
		4CCC3F832469EFF500661AAD /* Frameworks */ = {
			isa = PBXFrameworksBuildPhase;
			buildActionMask = 2147483647;
			files = (
			);
			runOnlyForDeploymentPostprocessing = 0;
		};
/* End PBXFrameworksBuildPhase section */

/* Begin PBXGroup section */
		4CCC3F642469EFF400661AAD = {
			isa = PBXGroup;
			children = (
				4CCC3F6F2469EFF400661AAD /* I am Rich */,
				4CCC3F892469EFF500661AAD /* I am RichTests */,
				4CCC3F6E2469EFF400661AAD /* Products */,
			);
			sourceTree = "<group>";
		};
		4CCC3F6E2469EFF400661AAD /* Products */ = {
			isa = PBXGroup;
			children = (
				4CCC3F6D2469EFF400661AAD /* I am Rich.app */,
				4CCC3F862469EFF500661AAD /* I am RichTests.xctest */,
			);
			name = Products;
			sourceTree = "<group>";
		};
		4CCC3F6F2469EFF400661AAD /* I am Rich */ = {
			isa = PBXGroup;
			children = (
				4CCC3F702469EFF400661AAD /* AppDelegate.swift */,
				4CCC3F722469EFF400661AAD /* SceneDelegate.swift */,
				4CCC3F772469EFF400661AAD /* ContentView.swift */,
				4CCC3F792469EFF500661AAD /* Assets.xcassets */,
				4CCC3F7E2469EFF500661AAD /* LaunchScreen.storyboard */,
				4CCC3F812469EFF500661AAD /* Info.plist */,
				4CCC3F742469EFF400661AAD /* I_am_Rich.xcdatamodeld */,
				4CCC3F7B2469EFF500661AAD /* Preview Content */,
			);
			path = "I am Rich";
			sourceTree = "<group>";
		};
		4CCC3F7B2469EFF500661AAD /* Preview Content */ = {
			isa = PBXGroup;
			children = (
				4CCC3F7C2469EFF500661AAD /* Preview Assets.xcassets */,
			);
			path = "Preview Content";
			sourceTree = "<group>";
		};
		4CCC3F892469EFF500661AAD /* I am RichTests */ = {
			isa = PBXGroup;
			children = (
				4CCC3F8A2469EFF500661AAD /* I_am_RichTests.swift */,
				4CCC3F8C2469EFF500661AAD /* Info.plist */,
			);
			path = "I am RichTests";
			sourceTree = "<group>";
		};
/* End PBXGroup section */

/* Begin PBXNativeTarget section */
		4CCC3F6C2469EFF400661AAD /* I am Rich */ = {
			isa = PBXNativeTarget;
			buildConfigurationList = 4CCC3F8F2469EFF500661AAD /* Build configuration list for PBXNativeTarget "I am Rich" */;
			buildPhases = (
				4CCC3F692469EFF400661AAD /* Sources */,
				4CCC3F6A2469EFF400661AAD /* Frameworks */,
				4CCC3F6B2469EFF400661AAD /* Resources */,
			);
			buildRules = (
			);
			dependencies = (
			);
			name = "I am Rich";
			productName = "I am Rich";
			productReference = 4CCC3F6D2469EFF400661AAD /* I am Rich.app */;
			productType = "com.apple.product-type.application";
		};
		4CCC3F852469EFF500661AAD /* I am RichTests */ = {
			isa = PBXNativeTarget;
			buildConfigurationList = 4CCC3F922469EFF500661AAD /* Build configuration list for PBXNativeTarget "I am RichTests" */;
			buildPhases = (
				4CCC3F822469EFF500661AAD /* Sources */,
				4CCC3F832469EFF500661AAD /* Frameworks */,
				4CCC3F842469EFF500661AAD /* Resources */,
			);
			buildRules = (
			);
			dependencies = (
				4CCC3F882469EFF500661AAD /* PBXTargetDependency */,
			);
			name = "I am RichTests";
			productName = "I am RichTests";
			productReference = 4CCC3F862469EFF500661AAD /* I am RichTests.xctest */;
			productType = "com.apple.product-type.bundle.unit-test";
		};
/* End PBXNativeTarget section */

/* Begin PBXProject section */
		4CCC3F652469EFF400661AAD /* Project object */ = {
			isa = PBXProject;
			attributes = {
				LastSwiftUpdateCheck = 1140;
				LastUpgradeCheck = 1140;
				ORGANIZATIONNAME = Updatus;
				TargetAttributes = {
					4CCC3F6C2469EFF400661AAD = {
						CreatedOnToolsVersion = 11.4;
					};
					4CCC3F852469EFF500661AAD = {
						CreatedOnToolsVersion = 11.4;
						TestTargetID = 4CCC3F6C2469EFF400661AAD;
					};
				};
			};
			buildConfigurationList = 4CCC3F682469EFF400661AAD /* Build configuration list for PBXProject "I am Rich" */;
			compatibilityVersion = "Xcode 9.3";
			developmentRegion = en;
			hasScannedForEncodings = 0;
			knownRegions = (
				en,
				Base,
			);
			mainGroup = 4CCC3F642469EFF400661AAD;
			productRefGroup = 4CCC3F6E2469EFF400661AAD /* Products */;
			projectDirPath = "";
			projectRoot = "";
			targets = (
				4CCC3F6C2469EFF400661AAD /* I am Rich */,
				4CCC3F852469EFF500661AAD /* I am RichTests */,
			);
		};
/* End PBXProject section */

/* Begin PBXResourcesBuildPhase section */
		4CCC3F6B2469EFF400661AAD /* Resources */ = {
			isa = PBXResourcesBuildPhase;
			buildActionMask = 2147483647;
			files = (
				4CCC3F802469EFF500661AAD /* LaunchScreen.storyboard in Resources */,
				4CCC3F7D2469EFF500661AAD /* Preview Assets.xcassets in Resources */,
				4CCC3F7A2469EFF500661AAD /* Assets.xcassets in Resources */,
			);
			runOnlyForDeploymentPostprocessing = 0;
		};
		4CCC3F842469EFF500661AAD /* Resources */ = {
			isa = PBXResourcesBuildPhase;
			buildActionMask = 2147483647;
			files = (
			);
			runOnlyForDeploymentPostprocessing = 0;
		};
/* End PBXResourcesBuildPhase section */

/* Begin PBXSourcesBuildPhase section */
		4CCC3F692469EFF400661AAD /* Sources */ = {
			isa = PBXSourcesBuildPhase;
			buildActionMask = 2147483647;
			files = (
				4CCC3F712469EFF400661AAD /* AppDelegate.swift in Sources */,
				4CCC3F762469EFF400661AAD /* I_am_Rich.xcdatamodeld in Sources */,
				4CCC3F782469EFF400661AAD /* ContentView.swift in Sources */,
				4CCC3F732469EFF400661AAD /* SceneDelegate.swift in Sources */,
			);
			runOnlyForDeploymentPostprocessing = 0;
		};
		4CCC3F822469EFF500661AAD /* Sources */ = {
			isa = PBXSourcesBuildPhase;
			buildActionMask = 2147483647;
			files = (
				4CCC3F8B2469EFF500661AAD /* I_am_RichTests.swift in Sources */,
			);
			runOnlyForDeploymentPostprocessing = 0;
		};
/* End PBXSourcesBuildPhase section */

/* Begin PBXTargetDependency section */
		4CCC3F882469EFF500661AAD /* PBXTargetDependency */ = {
			isa = PBXTargetDependency;
			target = 4CCC3F6C2469EFF400661AAD /* I am Rich */;
			targetProxy = 4CCC3F872469EFF500661AAD /* PBXContainerItemProxy */;
		};
/* End PBXTargetDependency section */

/* Begin PBXVariantGroup section */
		4CCC3F7E2469EFF500661AAD /* LaunchScreen.storyboard */ = {
			isa = PBXVariantGroup;
			children = (
				4CCC3F7F2469EFF500661AAD /* Base */,
			);
			name = LaunchScreen.storyboard;
			sourceTree = "<group>";
		};
/* End PBXVariantGroup section */

/* Begin XCBuildConfiguration section */
		4CCC3F8D2469EFF500661AAD /* Debug */ = {
			isa = XCBuildConfiguration;
			buildSettings = {
				ALWAYS_SEARCH_USER_PATHS = NO;
				CLANG_ANALYZER_NONNULL = YES;
				CLANG_ANALYZER_NUMBER_OBJECT_CONVERSION = YES_AGGRESSIVE;
				CLANG_CXX_LANGUAGE_STANDARD = "gnu++14";
				CLANG_CXX_LIBRARY = "libc++";
				CLANG_ENABLE_MODULES = YES;
				CLANG_ENABLE_OBJC_ARC = YES;
				CLANG_ENABLE_OBJC_WEAK = YES;
				CLANG_WARN_BLOCK_CAPTURE_AUTORELEASING = YES;
				CLANG_WARN_BOOL_CONVERSION = YES;
				CLANG_WARN_COMMA = YES;
				CLANG_WARN_CONSTANT_CONVERSION = YES;
				CLANG_WARN_DEPRECATED_OBJC_IMPLEMENTATIONS = YES;
				CLANG_WARN_DIRECT_OBJC_ISA_USAGE = YES_ERROR;
				CLANG_WARN_DOCUMENTATION_COMMENTS = YES;
				CLANG_WARN_EMPTY_BODY = YES;
				CLANG_WARN_ENUM_CONVERSION = YES;
				CLANG_WARN_INFINITE_RECURSION = YES;
				CLANG_WARN_INT_CONVERSION = YES;
				CLANG_WARN_NON_LITERAL_NULL_CONVERSION = YES;
				CLANG_WARN_OBJC_IMPLICIT_RETAIN_SELF = YES;
				CLANG_WARN_OBJC_LITERAL_CONVERSION = YES;
				CLANG_WARN_OBJC_ROOT_CLASS = YES_ERROR;
				CLANG_WARN_RANGE_LOOP_ANALYSIS = YES;
				CLANG_WARN_STRICT_PROTOTYPES = YES;
				CLANG_WARN_SUSPICIOUS_MOVE = YES;
				CLANG_WARN_UNGUARDED_AVAILABILITY = YES_AGGRESSIVE;
				CLANG_WARN_UNREACHABLE_CODE = YES;
				CLANG_WARN__DUPLICATE_METHOD_MATCH = YES;
				COPY_PHASE_STRIP = NO;
				DEBUG_INFORMATION_FORMAT = dwarf;
				ENABLE_STRICT_OBJC_MSGSEND = YES;
				ENABLE_TESTABILITY = YES;
				GCC_C_LANGUAGE_STANDARD = gnu11;
				GCC_DYNAMIC_NO_PIC = NO;
				GCC_NO_COMMON_BLOCKS = YES;
				GCC_OPTIMIZATION_LEVEL = 0;
				GCC_PREPROCESSOR_DEFINITIONS = (
					"DEBUG=1",
					"$(inherited)",
				);
				GCC_WARN_64_TO_32_BIT_CONVERSION = YES;
				GCC_WARN_ABOUT_RETURN_TYPE = YES_ERROR;
				GCC_WARN_UNDECLARED_SELECTOR = YES;
				GCC_WARN_UNINITIALIZED_AUTOS = YES_AGGRESSIVE;
				GCC_WARN_UNUSED_FUNCTION = YES;
				GCC_WARN_UNUSED_VARIABLE = YES;
				IPHONEOS_DEPLOYMENT_TARGET = 13.4;
				MTL_ENABLE_DEBUG_INFO = INCLUDE_SOURCE;
				MTL_FAST_MATH = YES;
				ONLY_ACTIVE_ARCH = YES;
				SDKROOT = iphoneos;
				SWIFT_ACTIVE_COMPILATION_CONDITIONS = DEBUG;
				SWIFT_OPTIMIZATION_LEVEL = "-Onone";
			};
			name = Debug;
		};
		4CCC3F8E2469EFF500661AAD /* Release */ = {
			isa = XCBuildConfiguration;
			buildSettings = {
				ALWAYS_SEARCH_USER_PATHS = NO;
				CLANG_ANALYZER_NONNULL = YES;
				CLANG_ANALYZER_NUMBER_OBJECT_CONVERSION = YES_AGGRESSIVE;
				CLANG_CXX_LANGUAGE_STANDARD = "gnu++14";
				CLANG_CXX_LIBRARY = "libc++";
				CLANG_ENABLE_MODULES = YES;
				CLANG_ENABLE_OBJC_ARC = YES;
				CLANG_ENABLE_OBJC_WEAK = YES;
				CLANG_WARN_BLOCK_CAPTURE_AUTORELEASING = YES;
				CLANG_WARN_BOOL_CONVERSION = YES;
				CLANG_WARN_COMMA = YES;
				CLANG_WARN_CONSTANT_CONVERSION = YES;
				CLANG_WARN_DEPRECATED_OBJC_IMPLEMENTATIONS = YES;
				CLANG_WARN_DIRECT_OBJC_ISA_USAGE = YES_ERROR;
				CLANG_WARN_DOCUMENTATION_COMMENTS = YES;
				CLANG_WARN_EMPTY_BODY = YES;
				CLANG_WARN_ENUM_CONVERSION = YES;
				CLANG_WARN_INFINITE_RECURSION = YES;
				CLANG_WARN_INT_CONVERSION = YES;
				CLANG_WARN_NON_LITERAL_NULL_CONVERSION = YES;
				CLANG_WARN_OBJC_IMPLICIT_RETAIN_SELF = YES;
				CLANG_WARN_OBJC_LITERAL_CONVERSION = YES;
				CLANG_WARN_OBJC_ROOT_CLASS = YES_ERROR;
				CLANG_WARN_RANGE_LOOP_ANALYSIS = YES;
				CLANG_WARN_STRICT_PROTOTYPES = YES;
				CLANG_WARN_SUSPICIOUS_MOVE = YES;
				CLANG_WARN_UNGUARDED_AVAILABILITY = YES_AGGRESSIVE;
				CLANG_WARN_UNREACHABLE_CODE = YES;
				CLANG_WARN__DUPLICATE_METHOD_MATCH = YES;
				COPY_PHASE_STRIP = NO;
				DEBUG_INFORMATION_FORMAT = "dwarf-with-dsym";
				ENABLE_NS_ASSERTIONS = NO;
				ENABLE_STRICT_OBJC_MSGSEND = YES;
				GCC_C_LANGUAGE_STANDARD = gnu11;
				GCC_NO_COMMON_BLOCKS = YES;
				GCC_WARN_64_TO_32_BIT_CONVERSION = YES;
				GCC_WARN_ABOUT_RETURN_TYPE = YES_ERROR;
				GCC_WARN_UNDECLARED_SELECTOR = YES;
				GCC_WARN_UNINITIALIZED_AUTOS = YES_AGGRESSIVE;
				GCC_WARN_UNUSED_FUNCTION = YES;
				GCC_WARN_UNUSED_VARIABLE = YES;
				IPHONEOS_DEPLOYMENT_TARGET = 13.4;
				MTL_ENABLE_DEBUG_INFO = NO;
				MTL_FAST_MATH = YES;
				SDKROOT = iphoneos;
				SWIFT_COMPILATION_MODE = wholemodule;
				SWIFT_OPTIMIZATION_LEVEL = "-O";
				VALIDATE_PRODUCT = YES;
			};
			name = Release;
		};
		4CCC3F902469EFF500661AAD /* Debug */ = {
			isa = XCBuildConfiguration;
			buildSettings = {
				ASSETCATALOG_COMPILER_APPICON_NAME = AppIcon;
				CODE_SIGN_STYLE = Automatic;
				DEVELOPMENT_ASSET_PATHS = "\"I am Rich/Preview Content\"";
				ENABLE_PREVIEWS = YES;
				INFOPLIST_FILE = "I am Rich/Info.plist";
				LD_RUNPATH_SEARCH_PATHS = (
					"$(inherited)",
					"@executable_path/Frameworks",
				);
				PRODUCT_BUNDLE_IDENTIFIER = "updatus.ruchita.I-am-Rich";
				PRODUCT_NAME = "$(TARGET_NAME)";
				SWIFT_VERSION = 5.0;
				TARGETED_DEVICE_FAMILY = "1,2";
			};
			name = Debug;
		};
		4CCC3F912469EFF500661AAD /* Release */ = {
			isa = XCBuildConfiguration;
			buildSettings = {
				ASSETCATALOG_COMPILER_APPICON_NAME = AppIcon;
				CODE_SIGN_STYLE = Automatic;
				DEVELOPMENT_ASSET_PATHS = "\"I am Rich/Preview Content\"";
				ENABLE_PREVIEWS = YES;
				INFOPLIST_FILE = "I am Rich/Info.plist";
				LD_RUNPATH_SEARCH_PATHS = (
					"$(inherited)",
					"@executable_path/Frameworks",
				);
				PRODUCT_BUNDLE_IDENTIFIER = "updatus.ruchita.I-am-Rich";
				PRODUCT_NAME = "$(TARGET_NAME)";
				SWIFT_VERSION = 5.0;
				TARGETED_DEVICE_FAMILY = "1,2";
			};
			name = Release;
		};
		4CCC3F932469EFF500661AAD /* Debug */ = {
			isa = XCBuildConfiguration;
			buildSettings = {
				ALWAYS_EMBED_SWIFT_STANDARD_LIBRARIES = YES;
				BUNDLE_LOADER = "$(TEST_HOST)";
				CODE_SIGN_STYLE = Automatic;
				INFOPLIST_FILE = "I am RichTests/Info.plist";
				IPHONEOS_DEPLOYMENT_TARGET = 13.4;
				LD_RUNPATH_SEARCH_PATHS = (
					"$(inherited)",
					"@executable_path/Frameworks",
					"@loader_path/Frameworks",
				);
				PRODUCT_BUNDLE_IDENTIFIER = "updatus.ruchita.I-am-RichTests";
				PRODUCT_NAME = "$(TARGET_NAME)";
				SWIFT_VERSION = 5.0;
				TARGETED_DEVICE_FAMILY = "1,2";
				TEST_HOST = "$(BUILT_PRODUCTS_DIR)/I am Rich.app/I am Rich";
			};
			name = Debug;
		};
		4CCC3F942469EFF500661AAD /* Release */ = {
			isa = XCBuildConfiguration;
			buildSettings = {
				ALWAYS_EMBED_SWIFT_STANDARD_LIBRARIES = YES;
				BUNDLE_LOADER = "$(TEST_HOST)";
				CODE_SIGN_STYLE = Automatic;
				INFOPLIST_FILE = "I am RichTests/Info.plist";
				IPHONEOS_DEPLOYMENT_TARGET = 13.4;
				LD_RUNPATH_SEARCH_PATHS = (
					"$(inherited)",
					"@executable_path/Frameworks",
					"@loader_path/Frameworks",
				);
				PRODUCT_BUNDLE_IDENTIFIER = "updatus.ruchita.I-am-RichTests";
				PRODUCT_NAME = "$(TARGET_NAME)";
				SWIFT_VERSION = 5.0;
				TARGETED_DEVICE_FAMILY = "1,2";
				TEST_HOST = "$(BUILT_PRODUCTS_DIR)/I am Rich.app/I am Rich";
			};
			name = Release;
		};
/* End XCBuildConfiguration section */

/* Begin XCConfigurationList section */
		4CCC3F682469EFF400661AAD /* Build configuration list for PBXProject "I am Rich" */ = {
			isa = XCConfigurationList;
			buildConfigurations = (
				4CCC3F8D2469EFF500661AAD /* Debug */,
				4CCC3F8E2469EFF500661AAD /* Release */,
			);
			defaultConfigurationIsVisible = 0;
			defaultConfigurationName = Release;
		};
		4CCC3F8F2469EFF500661AAD /* Build configuration list for PBXNativeTarget "I am Rich" */ = {
			isa = XCConfigurationList;
			buildConfigurations = (
				4CCC3F902469EFF500661AAD /* Debug */,
				4CCC3F912469EFF500661AAD /* Release */,
			);
			defaultConfigurationIsVisible = 0;
			defaultConfigurationName = Release;
		};
		4CCC3F922469EFF500661AAD /* Build configuration list for PBXNativeTarget "I am RichTests" */ = {
			isa = XCConfigurationList;
			buildConfigurations = (
				4CCC3F932469EFF500661AAD /* Debug */,
				4CCC3F942469EFF500661AAD /* Release */,
			);
			defaultConfigurationIsVisible = 0;
			defaultConfigurationName = Release;
		};
/* End XCConfigurationList section */

/* Begin XCVersionGroup section */
		4CCC3F742469EFF400661AAD /* I_am_Rich.xcdatamodeld */ = {
			isa = XCVersionGroup;
			children = (
				4CCC3F752469EFF400661AAD /* I_am_Rich.xcdatamodel */,
			);
			currentVersion = 4CCC3F752469EFF400661AAD /* I_am_Rich.xcdatamodel */;
			path = I_am_Rich.xcdatamodeld;
			sourceTree = "<group>";
			versionGroupType = wrapper.xcdatamodel;
		};
/* End XCVersionGroup section */
	};
	rootObject = 4CCC3F652469EFF400661AAD /* Project object */;
}
